// !$*UTF8*$!
{
	archiveVersion = 1;
	classes = {
	};
	objectVersion = 63;
	objects = {

/* Begin PBXBuildFile section */
		24FE822FC35790D2C9EDBC91 /* MockURLProtocol.swift in Sources */ = {isa = PBXBuildFile; fileRef = 67491675F73D337B125E80D8 /* MockURLProtocol.swift */; };
		27A01AE91A9AD53103D32C47 /* PermissionCard.swift in Sources */ = {isa = PBXBuildFile; fileRef = FECD1817E7A0F464ED0E9E15 /* PermissionCard.swift */; };
		B3C4D5E6F7081A2B3C4D5E6F /* QuestionCard.swift in Sources */ = {isa = PBXBuildFile; fileRef = B3C4D5E6F7082A2B3C4D5E6F /* QuestionCard.swift */; };
		A2B3C4D5E6F701A2B3C4D5E6 /* HomeView.swift in Sources */ = {isa = PBXBuildFile; fileRef = A2B3C4D5E6F702A2B3C4D5E6 /* HomeView.swift */; };
		A2B3C4D5E6F703A2B3C4D5E6 /* NotificationView.swift in Sources */ = {isa = PBXBuildFile; fileRef = A2B3C4D5E6F704A2B3C4D5E6 /* NotificationView.swift */; };
		A2B3C4D5E6F705A2B3C4D5E6 /* HistoryView.swift in Sources */ = {isa = PBXBuildFile; fileRef = A2B3C4D5E6F706A2B3C4D5E6 /* HistoryView.swift */; };
		A2B3C4D5E6F707A2B3C4D5E6 /* ActivityView.swift in Sources */ = {isa = PBXBuildFile; fileRef = A2B3C4D5E6F708A2B3C4D5E6 /* ActivityView.swift */; };
		A2B3C4D5E6F709A2B3C4D5E6 /* AllowListView.swift in Sources */ = {isa = PBXBuildFile; fileRef = A2B3C4D5E6F70AA2B3C4D5E6 /* AllowListView.swift */; };
		A2B3C4D5E6F70BA2B3C4D5E6 /* BlockListView.swift in Sources */ = {isa = PBXBuildFile; fileRef = A2B3C4D5E6F70CA2B3C4D5E6 /* BlockListView.swift */; };
		A2B3C4D5E6F70DA2B3C4D5E6 /* SessionLogView.swift in Sources */ = {isa = PBXBuildFile; fileRef = A2B3C4D5E6F70EA2B3C4D5E6 /* SessionLogView.swift */; };
		A2B3C4D5E6F70FA2B3C4D5E6 /* SplashView.swift in Sources */ = {isa = PBXBuildFile; fileRef = A2B3C4D5E6F710A2B3C4D5E6 /* SplashView.swift */; };
		3871F00E3B20A1E49626738D /* SetupView.swift in Sources */ = {isa = PBXBuildFile; fileRef = 1AF6105FCDF9A7BDD322AFBE /* SetupView.swift */; };
		416664B8D16BA9FBB016CAD5 /* Preview Assets.xcassets in Resources */ = {isa = PBXBuildFile; fileRef = 99321D6D0C80D0F6A13C9B31 /* Preview Assets.xcassets */; };
		438A3EED148B8136B17EE358 /* MaestroClient.swift in Sources */ = {isa = PBXBuildFile; fileRef = 750702F16DA5975CB1C086F8 /* MaestroClient.swift */; };
		88085BCA35C927906BC2EDFE /* ContentView.swift in Sources */ = {isa = PBXBuildFile; fileRef = 8CD4C9F026587DB109860347 /* ContentView.swift */; };
		9161042E897CD40569FEC76D /* MaestroClientTests.swift in Sources */ = {isa = PBXBuildFile; fileRef = 26AC502258064B78546A2AFD /* MaestroClientTests.swift */; };
		AA93F916BADE24A0E678767D /* MaestroRemoteApp.swift in Sources */ = {isa = PBXBuildFile; fileRef = F11B1556CEFDD2107E28099A /* MaestroRemoteApp.swift */; };
		C7D8E9F0A1B2C3D4E5F60719 /* NotificationManager.swift in Sources */ = {isa = PBXBuildFile; fileRef = D8E9F0A1B2C3D4E5F6071829 /* NotificationManager.swift */; };
		BAF6CE1C548EA51DDDA2F802 /* Assets.xcassets in Resources */ = {isa = PBXBuildFile; fileRef = 974466D4F99EA7F651A998C7 /* Assets.xcassets */; };
		EBA4C4EA0F83A72EA73F0962 /* BonjourBrowser.swift in Sources */ = {isa = PBXBuildFile; fileRef = 13E269E9C861993AB307EC61 /* BonjourBrowser.swift */; };
		A2B3C4D5E6F712A2B3C4D5E6 /* SessionDetailView.swift in Sources */ = {isa = PBXBuildFile; fileRef = A2B3C4D5E6F711A2B3C4D5E6 /* SessionDetailView.swift */; };
		A2B3C4D5E6F714A2B3C4D5E6 /* SettingsView.swift in Sources */ = {isa = PBXBuildFile; fileRef = A2B3C4D5E6F713A2B3C4D5E6 /* SettingsView.swift */; };
/* End PBXBuildFile section */

/* Begin PBXContainerItemProxy section */
		FE0F9DCB3316539063F6F3AF /* PBXContainerItemProxy */ = {
			isa = PBXContainerItemProxy;
			containerPortal = 4C8994E0B2EDD94FE40A5323 /* Project object */;
			proxyType = 1;
			remoteGlobalIDString = 9F474650C9243B76F67A70CF;
			remoteInfo = MaestroRemote;
		};
/* End PBXContainerItemProxy section */

/* Begin PBXFileReference section */
		0CE0FEBA3963C1356153139E /* Info.plist */ = {isa = PBXFileReference; lastKnownFileType = text.plist; path = Info.plist; sourceTree = "<group>"; };
		13E269E9C861993AB307EC61 /* BonjourBrowser.swift */ = {isa = PBXFileReference; lastKnownFileType = sourcecode.swift; path = BonjourBrowser.swift; sourceTree = "<group>"; };
		1AF6105FCDF9A7BDD322AFBE /* SetupView.swift */ = {isa = PBXFileReference; lastKnownFileType = sourcecode.swift; path = SetupView.swift; sourceTree = "<group>"; };
		26AC502258064B78546A2AFD /* MaestroClientTests.swift */ = {isa = PBXFileReference; lastKnownFileType = sourcecode.swift; path = MaestroClientTests.swift; sourceTree = "<group>"; };
		2B0ABA74BC6BCA5F9C571FC3 /* MaestroRemote.app */ = {isa = PBXFileReference; explicitFileType = wrapper.application; includeInIndex = 0; path = MaestroRemote.app; sourceTree = BUILT_PRODUCTS_DIR; };
		3D34F1F8485889B3A6388399 /* MaestroRemoteTests.xctest */ = {isa = PBXFileReference; includeInIndex = 0; lastKnownFileType = wrapper.cfbundle; path = MaestroRemoteTests.xctest; sourceTree = BUILT_PRODUCTS_DIR; };
		67491675F73D337B125E80D8 /* MockURLProtocol.swift */ = {isa = PBXFileReference; lastKnownFileType = sourcecode.swift; path = MockURLProtocol.swift; sourceTree = "<group>"; };
		750702F16DA5975CB1C086F8 /* MaestroClient.swift */ = {isa = PBXFileReference; lastKnownFileType = sourcecode.swift; path = MaestroClient.swift; sourceTree = "<group>"; };
		8CD4C9F026587DB109860347 /* ContentView.swift */ = {isa = PBXFileReference; lastKnownFileType = sourcecode.swift; path = ContentView.swift; sourceTree = "<group>"; };
		974466D4F99EA7F651A998C7 /* Assets.xcassets */ = {isa = PBXFileReference; lastKnownFileType = folder.assetcatalog; path = Assets.xcassets; sourceTree = "<group>"; };
		99321D6D0C80D0F6A13C9B31 /* Preview Assets.xcassets */ = {isa = PBXFileReference; lastKnownFileType = folder.assetcatalog; path = "Preview Assets.xcassets"; sourceTree = "<group>"; };
		F11B1556CEFDD2107E28099A /* MaestroRemoteApp.swift */ = {isa = PBXFileReference; lastKnownFileType = sourcecode.swift; path = MaestroRemoteApp.swift; sourceTree = "<group>"; };
		FECD1817E7A0F464ED0E9E15 /* PermissionCard.swift */ = {isa = PBXFileReference; lastKnownFileType = sourcecode.swift; path = PermissionCard.swift; sourceTree = "<group>"; };
		B3C4D5E6F7082A2B3C4D5E6F /* QuestionCard.swift */ = {isa = PBXFileReference; lastKnownFileType = sourcecode.swift; path = QuestionCard.swift; sourceTree = "<group>"; };
		D8E9F0A1B2C3D4E5F6071829 /* NotificationManager.swift */ = {isa = PBXFileReference; lastKnownFileType = sourcecode.swift; path = NotificationManager.swift; sourceTree = "<group>"; };
		A2B3C4D5E6F702A2B3C4D5E6 /* HomeView.swift */ = {isa = PBXFileReference; lastKnownFileType = sourcecode.swift; path = HomeView.swift; sourceTree = "<group>"; };
		A2B3C4D5E6F704A2B3C4D5E6 /* NotificationView.swift */ = {isa = PBXFileReference; lastKnownFileType = sourcecode.swift; path = NotificationView.swift; sourceTree = "<group>"; };
		A2B3C4D5E6F706A2B3C4D5E6 /* HistoryView.swift */ = {isa = PBXFileReference; lastKnownFileType = sourcecode.swift; path = HistoryView.swift; sourceTree = "<group>"; };
		A2B3C4D5E6F708A2B3C4D5E6 /* ActivityView.swift */ = {isa = PBXFileReference; lastKnownFileType = sourcecode.swift; path = ActivityView.swift; sourceTree = "<group>"; };
		A2B3C4D5E6F70AA2B3C4D5E6 /* AllowListView.swift */ = {isa = PBXFileReference; lastKnownFileType = sourcecode.swift; path = AllowListView.swift; sourceTree = "<group>"; };
		A2B3C4D5E6F70CA2B3C4D5E6 /* BlockListView.swift */ = {isa = PBXFileReference; lastKnownFileType = sourcecode.swift; path = BlockListView.swift; sourceTree = "<group>"; };
		A2B3C4D5E6F70EA2B3C4D5E6 /* SessionLogView.swift */ = {isa = PBXFileReference; lastKnownFileType = sourcecode.swift; path = SessionLogView.swift; sourceTree = "<group>"; };
		A2B3C4D5E6F710A2B3C4D5E6 /* SplashView.swift */ = {isa = PBXFileReference; lastKnownFileType = sourcecode.swift; path = SplashView.swift; sourceTree = "<group>"; };
		A2B3C4D5E6F711A2B3C4D5E6 /* SessionDetailView.swift */ = {isa = PBXFileReference; lastKnownFileType = sourcecode.swift; path = SessionDetailView.swift; sourceTree = "<group>"; };
		A2B3C4D5E6F713A2B3C4D5E6 /* SettingsView.swift */ = {isa = PBXFileReference; lastKnownFileType = sourcecode.swift; path = SettingsView.swift; sourceTree = "<group>"; };
/* End PBXFileReference section */

/* Begin PBXGroup section */
		13D0FACF64D1E12A3B7CDBB2 /* Products */ = {
			isa = PBXGroup;
			children = (
				2B0ABA74BC6BCA5F9C571FC3 /* MaestroRemote.app */,
				3D34F1F8485889B3A6388399 /* MaestroRemoteTests.xctest */,
			);
			name = Products;
			sourceTree = "<group>";
		};
		33EB9F97A1AD10AE91A0A38B /* MaestroRemote */ = {
			isa = PBXGroup;
			children = (
				974466D4F99EA7F651A998C7 /* Assets.xcassets */,
				A2B3C4D5E6F708A2B3C4D5E6 /* ActivityView.swift */,
				A2B3C4D5E6F70AA2B3C4D5E6 /* AllowListView.swift */,
				13E269E9C861993AB307EC61 /* BonjourBrowser.swift */,
				A2B3C4D5E6F70CA2B3C4D5E6 /* BlockListView.swift */,
				8CD4C9F026587DB109860347 /* ContentView.swift */,
				A2B3C4D5E6F706A2B3C4D5E6 /* HistoryView.swift */,
				A2B3C4D5E6F702A2B3C4D5E6 /* HomeView.swift */,
				0CE0FEBA3963C1356153139E /* Info.plist */,
				750702F16DA5975CB1C086F8 /* MaestroClient.swift */,
				F11B1556CEFDD2107E28099A /* MaestroRemoteApp.swift */,
				D8E9F0A1B2C3D4E5F6071829 /* NotificationManager.swift */,
				A2B3C4D5E6F704A2B3C4D5E6 /* NotificationView.swift */,
				FECD1817E7A0F464ED0E9E15 /* PermissionCard.swift */,
				B3C4D5E6F7082A2B3C4D5E6F /* QuestionCard.swift */,
				A2B3C4D5E6F711A2B3C4D5E6 /* SessionDetailView.swift */,
				A2B3C4D5E6F70EA2B3C4D5E6 /* SessionLogView.swift */,
				1AF6105FCDF9A7BDD322AFBE /* SetupView.swift */,
				A2B3C4D5E6F713A2B3C4D5E6 /* SettingsView.swift */,
				A2B3C4D5E6F710A2B3C4D5E6 /* SplashView.swift */,
				8CD077E7062F517206C557E0 /* Preview Content */,
			);
			path = MaestroRemote;
			sourceTree = "<group>";
		};
		50A3AC2D23B69623A850978B = {
			isa = PBXGroup;
			children = (
				33EB9F97A1AD10AE91A0A38B /* MaestroRemote */,
				789B4969F83BC7E77DF220AC /* MaestroRemoteTests */,
				13D0FACF64D1E12A3B7CDBB2 /* Products */,
			);
			sourceTree = "<group>";
		};
		789B4969F83BC7E77DF220AC /* MaestroRemoteTests */ = {
			isa = PBXGroup;
			children = (
				26AC502258064B78546A2AFD /* MaestroClientTests.swift */,
				67491675F73D337B125E80D8 /* MockURLProtocol.swift */,
			);
			path = MaestroRemoteTests;
			sourceTree = "<group>";
		};
		8CD077E7062F517206C557E0 /* Preview Content */ = {
			isa = PBXGroup;
			children = (
				99321D6D0C80D0F6A13C9B31 /* Preview Assets.xcassets */,
			);
			path = "Preview Content";
			sourceTree = "<group>";
		};
/* End PBXGroup section */

/* Begin PBXNativeTarget section */
		9F474650C9243B76F67A70CF /* MaestroRemote */ = {
			isa = PBXNativeTarget;
			buildConfigurationList = 891C9B1BFD0D013AEC3D4DBC /* Build configuration list for PBXNativeTarget "MaestroRemote" */;
			buildPhases = (
				7C75754F36F3B1E48088F0FD /* Sources */,
				2782F72DE97D6B3BF9D7BC09 /* Resources */,
			);
			buildRules = (
			);
			dependencies = (
			);
			name = MaestroRemote;
			packageProductDependencies = (
			);
			productName = MaestroRemote;
			productReference = 2B0ABA74BC6BCA5F9C571FC3 /* MaestroRemote.app */;
			productType = "com.apple.product-type.application";
		};
		C3ED86F5AADAF180035C9FE4 /* MaestroRemoteTests */ = {
			isa = PBXNativeTarget;
			buildConfigurationList = 99069E69F80BE4A660182956 /* Build configuration list for PBXNativeTarget "MaestroRemoteTests" */;
			buildPhases = (
				A886DAFE39D765D2AA4376F4 /* Sources */,
			);
			buildRules = (
			);
			dependencies = (
				3314EFFA8BB8F82EC6114C08 /* PBXTargetDependency */,
			);
			name = MaestroRemoteTests;
			packageProductDependencies = (
			);
			productName = MaestroRemoteTests;
			productReference = 3D34F1F8485889B3A6388399 /* MaestroRemoteTests.xctest */;
			productType = "com.apple.product-type.bundle.unit-test";
		};
/* End PBXNativeTarget section */

/* Begin PBXProject section */
		4C8994E0B2EDD94FE40A5323 /* Project object */ = {
			isa = PBXProject;
			attributes = {
				BuildIndependentTargetsInParallel = YES;
				LastUpgradeCheck = 1430;
			};
			buildConfigurationList = E8E9B0C91DA25306F009B897 /* Build configuration list for PBXProject "MaestroRemote" */;
			compatibilityVersion = "Xcode 14.0";
			developmentRegion = en;
			hasScannedForEncodings = 0;
			knownRegions = (
				Base,
				en,
			);
			mainGroup = 50A3AC2D23B69623A850978B;
			minimizedProjectReferenceProxies = 1;
			projectDirPath = "";
			projectRoot = "";
			targets = (
				9F474650C9243B76F67A70CF /* MaestroRemote */,
				C3ED86F5AADAF180035C9FE4 /* MaestroRemoteTests */,
			);
		};
/* End PBXProject section */

/* Begin PBXResourcesBuildPhase section */
		2782F72DE97D6B3BF9D7BC09 /* Resources */ = {
			isa = PBXResourcesBuildPhase;
			buildActionMask = 2147483647;
			files = (
				BAF6CE1C548EA51DDDA2F802 /* Assets.xcassets in Resources */,
				416664B8D16BA9FBB016CAD5 /* Preview Assets.xcassets in Resources */,
			);
			runOnlyForDeploymentPostprocessing = 0;
		};
/* End PBXResourcesBuildPhase section */

/* Begin PBXSourcesBuildPhase section */
		7C75754F36F3B1E48088F0FD /* Sources */ = {
			isa = PBXSourcesBuildPhase;
			buildActionMask = 2147483647;
			files = (
				A2B3C4D5E6F707A2B3C4D5E6 /* ActivityView.swift in Sources */,
				A2B3C4D5E6F709A2B3C4D5E6 /* AllowListView.swift in Sources */,
				A2B3C4D5E6F70BA2B3C4D5E6 /* BlockListView.swift in Sources */,
				EBA4C4EA0F83A72EA73F0962 /* BonjourBrowser.swift in Sources */,
				88085BCA35C927906BC2EDFE /* ContentView.swift in Sources */,
				A2B3C4D5E6F705A2B3C4D5E6 /* HistoryView.swift in Sources */,
				A2B3C4D5E6F701A2B3C4D5E6 /* HomeView.swift in Sources */,
				438A3EED148B8136B17EE358 /* MaestroClient.swift in Sources */,
				AA93F916BADE24A0E678767D /* MaestroRemoteApp.swift in Sources */,
				C7D8E9F0A1B2C3D4E5F60719 /* NotificationManager.swift in Sources */,
				A2B3C4D5E6F703A2B3C4D5E6 /* NotificationView.swift in Sources */,
				27A01AE91A9AD53103D32C47 /* PermissionCard.swift in Sources */,
				B3C4D5E6F7081A2B3C4D5E6F /* QuestionCard.swift in Sources */,
				A2B3C4D5E6F712A2B3C4D5E6 /* SessionDetailView.swift in Sources */,
				A2B3C4D5E6F70DA2B3C4D5E6 /* SessionLogView.swift in Sources */,
				3871F00E3B20A1E49626738D /* SetupView.swift in Sources */,
				A2B3C4D5E6F714A2B3C4D5E6 /* SettingsView.swift in Sources */,
				A2B3C4D5E6F70FA2B3C4D5E6 /* SplashView.swift in Sources */,
			);
			runOnlyForDeploymentPostprocessing = 0;
		};
		A886DAFE39D765D2AA4376F4 /* Sources */ = {
			isa = PBXSourcesBuildPhase;
			buildActionMask = 2147483647;
			files = (
				9161042E897CD40569FEC76D /* MaestroClientTests.swift in Sources */,
				24FE822FC35790D2C9EDBC91 /* MockURLProtocol.swift in Sources */,
			);
			runOnlyForDeploymentPostprocessing = 0;
		};
/* End PBXSourcesBuildPhase section */

/* Begin PBXTargetDependency section */
		3314EFFA8BB8F82EC6114C08 /* PBXTargetDependency */ = {
			isa = PBXTargetDependency;
			target = 9F474650C9243B76F67A70CF /* MaestroRemote */;
			targetProxy = FE0F9DCB3316539063F6F3AF /* PBXContainerItemProxy */;
		};
/* End PBXTargetDependency section */

/* Begin XCBuildConfiguration section */
		129148F9C9F8CB9D43C47F43 /* Release */ = {
			isa = XCBuildConfiguration;
			buildSettings = {
				ASSETCATALOG_COMPILER_APPICON_NAME = AppIcon;
				ASSETCATALOG_COMPILER_GLOBAL_ACCENT_COLOR_NAME = AccentColor;
				CODE_SIGN_ENTITLEMENTS = MaestroRemote/MaestroRemote.entitlements;
				CODE_SIGN_IDENTITY = "iPhone Developer";
				DEVELOPMENT_TEAM = 8958MYBR87;
				INFOPLIST_FILE = MaestroRemote/Info.plist;
				LD_RUNPATH_SEARCH_PATHS = (
					"$(inherited)",
					"@executable_path/Frameworks",
				);
				PRODUCT_BUNDLE_IDENTIFIER = com.maestro.MaestroRemote;
				SDKROOT = iphoneos;
				SWIFT_STRICT_CONCURRENCY = minimal;
				SWIFT_VERSION = 5.0;
				TARGETED_DEVICE_FAMILY = 1;
			};
			name = Release;
		};
		1369F44958F3EDC1D7BFF9CE /* Debug */ = {
			isa = XCBuildConfiguration;
			buildSettings = {
				ALWAYS_SEARCH_USER_PATHS = NO;
				CLANG_ANALYZER_NONNULL = YES;
				CLANG_ANALYZER_NUMBER_OBJECT_CONVERSION = YES_AGGRESSIVE;
				CLANG_CXX_LANGUAGE_STANDARD = "gnu++14";
				CLANG_CXX_LIBRARY = "libc++";
				CLANG_ENABLE_MODULES = YES;
				CLANG_ENABLE_OBJC_ARC = YES;
				CLANG_ENABLE_OBJC_WEAK = YES;
				CLANG_WARN_BLOCK_CAPTURE_AUTORELEASING = YES;
				CLANG_WARN_BOOL_CONVERSION = YES;
				CLANG_WARN_COMMA = YES;
				CLANG_WARN_CONSTANT_CONVERSION = YES;
				CLANG_WARN_DEPRECATED_OBJC_IMPLEMENTATIONS = YES;
				CLANG_WARN_DIRECT_OBJC_ISA_USAGE = YES_ERROR;
				CLANG_WARN_DOCUMENTATION_COMMENTS = YES;
				CLANG_WARN_EMPTY_BODY = YES;
				CLANG_WARN_ENUM_CONVERSION = YES;
				CLANG_WARN_INFINITE_RECURSION = YES;
				CLANG_WARN_INT_CONVERSION = YES;
				CLANG_WARN_NON_LITERAL_NULL_CONVERSION = YES;
				CLANG_WARN_OBJC_IMPLICIT_RETAIN_SELF = YES;
				CLANG_WARN_OBJC_LITERAL_CONVERSION = YES;
				CLANG_WARN_OBJC_ROOT_CLASS = YES_ERROR;
				CLANG_WARN_QUOTED_INCLUDE_IN_FRAMEWORK_HEADER = YES;
				CLANG_WARN_RANGE_LOOP_ANALYSIS = YES;
				CLANG_WARN_STRICT_PROTOTYPES = YES;
				CLANG_WARN_SUSPICIOUS_MOVE = YES;
				CLANG_WARN_UNGUARDED_AVAILABILITY = YES_AGGRESSIVE;
				CLANG_WARN_UNREACHABLE_CODE = YES;
				CLANG_WARN__DUPLICATE_METHOD_MATCH = YES;
				COPY_PHASE_STRIP = NO;
				DEBUG_INFORMATION_FORMAT = dwarf;
				ENABLE_STRICT_OBJC_MSGSEND = YES;
				ENABLE_TESTABILITY = YES;
				GCC_C_LANGUAGE_STANDARD = gnu11;
				GCC_DYNAMIC_NO_PIC = NO;
				GCC_NO_COMMON_BLOCKS = YES;
				GCC_OPTIMIZATION_LEVEL = 0;
				GCC_PREPROCESSOR_DEFINITIONS = (
					"$(inherited)",
					"DEBUG=1",
				);
				GCC_WARN_64_TO_32_BIT_CONVERSION = YES;
				GCC_WARN_ABOUT_RETURN_TYPE = YES_ERROR;
				GCC_WARN_UNDECLARED_SELECTOR = YES;
				GCC_WARN_UNINITIALIZED_AUTOS = YES_AGGRESSIVE;
				GCC_WARN_UNUSED_FUNCTION = YES;
				GCC_WARN_UNUSED_VARIABLE = YES;
				IPHONEOS_DEPLOYMENT_TARGET = 17.0;
				MTL_ENABLE_DEBUG_INFO = INCLUDE_SOURCE;
				MTL_FAST_MATH = YES;
				ONLY_ACTIVE_ARCH = YES;
				PRODUCT_NAME = "$(TARGET_NAME)";
				SDKROOT = iphoneos;
				SWIFT_ACTIVE_COMPILATION_CONDITIONS = DEBUG;
				SWIFT_OPTIMIZATION_LEVEL = "-Onone";
				SWIFT_VERSION = 5.0;
			};
			name = Debug;
		};
		546773F8422A5F12070986A7 /* Debug */ = {
			isa = XCBuildConfiguration;
			buildSettings = {
				ASSETCATALOG_COMPILER_APPICON_NAME = AppIcon;
				ASSETCATALOG_COMPILER_GLOBAL_ACCENT_COLOR_NAME = AccentColor;
				CODE_SIGN_ENTITLEMENTS = MaestroRemote/MaestroRemote.entitlements;
				CODE_SIGN_IDENTITY = "iPhone Developer";
				DEVELOPMENT_TEAM = 8958MYBR87;
				INFOPLIST_FILE = MaestroRemote/Info.plist;
				LD_RUNPATH_SEARCH_PATHS = (
					"$(inherited)",
					"@executable_path/Frameworks",
				);
				PRODUCT_BUNDLE_IDENTIFIER = com.maestro.MaestroRemote;
				SDKROOT = iphoneos;
				SWIFT_STRICT_CONCURRENCY = minimal;
				SWIFT_VERSION = 5.0;
				TARGETED_DEVICE_FAMILY = 1;
			};
			name = Debug;
		};
		B5C636E73785B4AB507FC8EC /* Debug */ = {
			isa = XCBuildConfiguration;
			buildSettings = {
				BUNDLE_LOADER = "$(TEST_HOST)";
				LD_RUNPATH_SEARCH_PATHS = (
					"$(inherited)",
					"@executable_path/Frameworks",
					"@loader_path/Frameworks",
				);
				PRODUCT_BUNDLE_IDENTIFIER = com.maestro.MaestroRemoteTests;
				SDKROOT = iphoneos;
				SWIFT_VERSION = 5.0;
				TARGETED_DEVICE_FAMILY = "1,2";
				TEST_HOST = "$(BUILT_PRODUCTS_DIR)/MaestroRemote.app/MaestroRemote";
			};
			name = Debug;
		};
		CAE98B9B68C77FE60E8AF605 /* Release */ = {
			isa = XCBuildConfiguration;
			buildSettings = {
				ALWAYS_SEARCH_USER_PATHS = NO;
				CLANG_ANALYZER_NONNULL = YES;
				CLANG_ANALYZER_NUMBER_OBJECT_CONVERSION = YES_AGGRESSIVE;
				CLANG_CXX_LANGUAGE_STANDARD = "gnu++14";
				CLANG_CXX_LIBRARY = "libc++";
				CLANG_ENABLE_MODULES = YES;
				CLANG_ENABLE_OBJC_ARC = YES;
				CLANG_ENABLE_OBJC_WEAK = YES;
				CLANG_WARN_BLOCK_CAPTURE_AUTORELEASING = YES;
				CLANG_WARN_BOOL_CONVERSION = YES;
				CLANG_WARN_COMMA = YES;
				CLANG_WARN_CONSTANT_CONVERSION = YES;
				CLANG_WARN_DEPRECATED_OBJC_IMPLEMENTATIONS = YES;
				CLANG_WARN_DIRECT_OBJC_ISA_USAGE = YES_ERROR;
				CLANG_WARN_DOCUMENTATION_COMMENTS = YES;
				CLANG_WARN_EMPTY_BODY = YES;
				CLANG_WARN_ENUM_CONVERSION = YES;
				CLANG_WARN_INFINITE_RECURSION = YES;
				CLANG_WARN_INT_CONVERSION = YES;
				CLANG_WARN_NON_LITERAL_NULL_CONVERSION = YES;
				CLANG_WARN_OBJC_IMPLICIT_RETAIN_SELF = YES;
				CLANG_WARN_OBJC_LITERAL_CONVERSION = YES;
				CLANG_WARN_OBJC_ROOT_CLASS = YES_ERROR;
				CLANG_WARN_QUOTED_INCLUDE_IN_FRAMEWORK_HEADER = YES;
				CLANG_WARN_RANGE_LOOP_ANALYSIS = YES;
				CLANG_WARN_STRICT_PROTOTYPES = YES;
				CLANG_WARN_SUSPICIOUS_MOVE = YES;
				CLANG_WARN_UNGUARDED_AVAILABILITY = YES_AGGRESSIVE;
				CLANG_WARN_UNREACHABLE_CODE = YES;
				CLANG_WARN__DUPLICATE_METHOD_MATCH = YES;
				COPY_PHASE_STRIP = NO;
				DEBUG_INFORMATION_FORMAT = "dwarf-with-dsym";
				ENABLE_NS_ASSERTIONS = NO;
				ENABLE_STRICT_OBJC_MSGSEND = YES;
				GCC_C_LANGUAGE_STANDARD = gnu11;
				GCC_NO_COMMON_BLOCKS = YES;
				GCC_WARN_64_TO_32_BIT_CONVERSION = YES;
				GCC_WARN_ABOUT_RETURN_TYPE = YES_ERROR;
				GCC_WARN_UNDECLARED_SELECTOR = YES;
				GCC_WARN_UNINITIALIZED_AUTOS = YES_AGGRESSIVE;
				GCC_WARN_UNUSED_FUNCTION = YES;
				GCC_WARN_UNUSED_VARIABLE = YES;
				IPHONEOS_DEPLOYMENT_TARGET = 17.0;
				MTL_ENABLE_DEBUG_INFO = NO;
				MTL_FAST_MATH = YES;
				PRODUCT_NAME = "$(TARGET_NAME)";
				SDKROOT = iphoneos;
				SWIFT_COMPILATION_MODE = wholemodule;
				SWIFT_OPTIMIZATION_LEVEL = "-O";
				SWIFT_VERSION = 5.0;
			};
			name = Release;
		};
		FEEC079E2E0B27DFD7B5099A /* Release */ = {
			isa = XCBuildConfiguration;
			buildSettings = {
				BUNDLE_LOADER = "$(TEST_HOST)";
				LD_RUNPATH_SEARCH_PATHS = (
					"$(inherited)",
					"@executable_path/Frameworks",
					"@loader_path/Frameworks",
				);
				PRODUCT_BUNDLE_IDENTIFIER = com.maestro.MaestroRemoteTests;
				SDKROOT = iphoneos;
				SWIFT_VERSION = 5.0;
				TARGETED_DEVICE_FAMILY = "1,2";
				TEST_HOST = "$(BUILT_PRODUCTS_DIR)/MaestroRemote.app/MaestroRemote";
			};
			name = Release;
		};
/* End XCBuildConfiguration section */

/* Begin XCConfigurationList section */
		891C9B1BFD0D013AEC3D4DBC /* Build configuration list for PBXNativeTarget "MaestroRemote" */ = {
			isa = XCConfigurationList;
			buildConfigurations = (
				546773F8422A5F12070986A7 /* Debug */,
				129148F9C9F8CB9D43C47F43 /* Release */,
			);
			defaultConfigurationIsVisible = 0;
			defaultConfigurationName = Debug;
		};
		99069E69F80BE4A660182956 /* Build configuration list for PBXNativeTarget "MaestroRemoteTests" */ = {
			isa = XCConfigurationList;
			buildConfigurations = (
				B5C636E73785B4AB507FC8EC /* Debug */,
				FEEC079E2E0B27DFD7B5099A /* Release */,
			);
			defaultConfigurationIsVisible = 0;
			defaultConfigurationName = Debug;
		};
		E8E9B0C91DA25306F009B897 /* Build configuration list for PBXProject "MaestroRemote" */ = {
			isa = XCConfigurationList;
			buildConfigurations = (
				1369F44958F3EDC1D7BFF9CE /* Debug */,
				CAE98B9B68C77FE60E8AF605 /* Release */,
			);
			defaultConfigurationIsVisible = 0;
			defaultConfigurationName = Debug;
		};
/* End XCConfigurationList section */
	};
	rootObject = 4C8994E0B2EDD94FE40A5323 /* Project object */;
}
